
Microsoft Visual Studio Solution File, Format Version 12.00
# Visual Studio Version 16
VisualStudioVersion = 16.0.31729.503
MinimumVisualStudioVersion = 10.0.40219.1
Project("{FAE04EC0-301F-11D3-BF4B-00C04F79EFBC}") = "Dequeue", "Dequeue\Dequeue.csproj", "{60F5D926-826B-4487-B3FF-B8CCEC86A6CB}"
EndProject
Global
	GlobalSection(SolutionConfigurationPlatforms) = preSolution
		Debug|Any CPU = Debug|Any CPU
		Release|Any CPU = Release|Any CPU
	EndGlobalSection
	GlobalSection(ProjectConfigurationPlatforms) = postSolution
		{60F5D926-826B-4487-B3FF-B8CCEC86A6CB}.Debug|Any CPU.ActiveCfg = Debug|Any CPU
		{60F5D926-826B-4487-B3FF-B8CCEC86A6CB}.Debug|Any CPU.Build.0 = Debug|Any CPU
		{60F5D926-826B-4487-B3FF-B8CCEC86A6CB}.Release|Any CPU.ActiveCfg = Release|Any CPU
		{60F5D926-826B-4487-B3FF-B8CCEC86A6CB}.Release|Any CPU.Build.0 = Release|Any CPU
	EndGlobalSection
	GlobalSection(SolutionProperties) = preSolution
		HideSolutionNode = FALSE
	EndGlobalSection
	GlobalSection(ExtensibilityGlobals) = postSolution
		SolutionGuid = {6FE33AED-40B3-4EF9-A330-852AA13DDE0E}
	EndGlobalSection
EndGlobal
