
Microsoft Visual Studio Solution File, Format Version 12.00
# Visual Studio Version 16
VisualStudioVersion = 16.0.31729.503
MinimumVisualStudioVersion = 10.0.40219.1
Project("{FAE04EC0-301F-11D3-BF4B-00C04F79EFBC}") = "LinkedListUC_3", "LinkedListUC_3\LinkedListUC_3.csproj", "{AA2BB199-32AA-4CC0-A805-984F77DBA110}"
EndProject
Global
	GlobalSection(SolutionConfigurationPlatforms) = preSolution
		Debug|Any CPU = Debug|Any CPU
		Release|Any CPU = Release|Any CPU
	EndGlobalSection
	GlobalSection(ProjectConfigurationPlatforms) = postSolution
		{AA2BB199-32AA-4CC0-A805-984F77DBA110}.Debug|Any CPU.ActiveCfg = Debug|Any CPU
		{AA2BB199-32AA-4CC0-A805-984F77DBA110}.Debug|Any CPU.Build.0 = Debug|Any CPU
		{AA2BB199-32AA-4CC0-A805-984F77DBA110}.Release|Any CPU.ActiveCfg = Release|Any CPU
		{AA2BB199-32AA-4CC0-A805-984F77DBA110}.Release|Any CPU.Build.0 = Release|Any CPU
	EndGlobalSection
	GlobalSection(SolutionProperties) = preSolution
		HideSolutionNode = FALSE
	EndGlobalSection
	GlobalSection(ExtensibilityGlobals) = postSolution
		SolutionGuid = {5462F32C-E438-414C-8CF7-315A1E71F77D}
	EndGlobalSection
EndGlobal
